// !$*UTF8*$!
{
	archiveVersion = 1;
	classes = {
	};
	objectVersion = 56;
	objects = {

/* Begin PBXBuildFile section */
		2273798E2A90CB8300767972 /* AppDelegate.swift in Sources */ = {isa = PBXBuildFile; fileRef = 2273798D2A90CB8300767972 /* AppDelegate.swift */; };
		227379902A90CB8300767972 /* SceneDelegate.swift in Sources */ = {isa = PBXBuildFile; fileRef = 2273798F2A90CB8300767972 /* SceneDelegate.swift */; };
		227379922A90CB8300767972 /* ViewController.swift in Sources */ = {isa = PBXBuildFile; fileRef = 227379912A90CB8300767972 /* ViewController.swift */; };
		227379952A90CB8300767972 /* Main.storyboard in Resources */ = {isa = PBXBuildFile; fileRef = 227379932A90CB8300767972 /* Main.storyboard */; };
		227379982A90CB8300767972 /* RideSharer_History_Start.xcdatamodeld in Sources */ = {isa = PBXBuildFile; fileRef = 227379962A90CB8300767972 /* RideSharer_History_Start.xcdatamodeld */; };
		2273799A2A90CB8400767972 /* Assets.xcassets in Resources */ = {isa = PBXBuildFile; fileRef = 227379992A90CB8400767972 /* Assets.xcassets */; };
		2273799D2A90CB8400767972 /* LaunchScreen.storyboard in Resources */ = {isa = PBXBuildFile; fileRef = 2273799B2A90CB8400767972 /* LaunchScreen.storyboard */; };
		227379A82A90CB8500767972 /* RideSharer_History_StartTests.swift in Sources */ = {isa = PBXBuildFile; fileRef = 227379A72A90CB8500767972 /* RideSharer_History_StartTests.swift */; };
		227379B22A90CB8500767972 /* RideSharer_History_StartUITests.swift in Sources */ = {isa = PBXBuildFile; fileRef = 227379B12A90CB8500767972 /* RideSharer_History_StartUITests.swift */; };
		227379B42A90CB8500767972 /* RideSharer_History_StartUITestsLaunchTests.swift in Sources */ = {isa = PBXBuildFile; fileRef = 227379B32A90CB8500767972 /* RideSharer_History_StartUITestsLaunchTests.swift */; };
/* End PBXBuildFile section */

/* Begin PBXContainerItemProxy section */
		227379A42A90CB8500767972 /* PBXContainerItemProxy */ = {
			isa = PBXContainerItemProxy;
			containerPortal = 227379822A90CB8300767972 /* Project object */;
			proxyType = 1;
			remoteGlobalIDString = 227379892A90CB8300767972;
			remoteInfo = RideSharer_History_Start;
		};
		227379AE2A90CB8500767972 /* PBXContainerItemProxy */ = {
			isa = PBXContainerItemProxy;
			containerPortal = 227379822A90CB8300767972 /* Project object */;
			proxyType = 1;
			remoteGlobalIDString = 227379892A90CB8300767972;
			remoteInfo = RideSharer_History_Start;
		};
/* End PBXContainerItemProxy section */

/* Begin PBXFileReference section */
		2273798A2A90CB8300767972 /* RideSharer_History_Start.app */ = {isa = PBXFileReference; explicitFileType = wrapper.application; includeInIndex = 0; path = RideSharer_History_Start.app; sourceTree = BUILT_PRODUCTS_DIR; };
		2273798D2A90CB8300767972 /* AppDelegate.swift */ = {isa = PBXFileReference; lastKnownFileType = sourcecode.swift; path = AppDelegate.swift; sourceTree = "<group>"; };
		2273798F2A90CB8300767972 /* SceneDelegate.swift */ = {isa = PBXFileReference; lastKnownFileType = sourcecode.swift; path = SceneDelegate.swift; sourceTree = "<group>"; };
		227379912A90CB8300767972 /* ViewController.swift */ = {isa = PBXFileReference; lastKnownFileType = sourcecode.swift; path = ViewController.swift; sourceTree = "<group>"; };
		227379942A90CB8300767972 /* Base */ = {isa = PBXFileReference; lastKnownFileType = file.storyboard; name = Base; path = Base.lproj/Main.storyboard; sourceTree = "<group>"; };
		227379972A90CB8300767972 /* RideSharer_History_Start.xcdatamodel */ = {isa = PBXFileReference; lastKnownFileType = wrapper.xcdatamodel; path = RideSharer_History_Start.xcdatamodel; sourceTree = "<group>"; };
		227379992A90CB8400767972 /* Assets.xcassets */ = {isa = PBXFileReference; lastKnownFileType = folder.assetcatalog; path = Assets.xcassets; sourceTree = "<group>"; };
		2273799C2A90CB8400767972 /* Base */ = {isa = PBXFileReference; lastKnownFileType = file.storyboard; name = Base; path = Base.lproj/LaunchScreen.storyboard; sourceTree = "<group>"; };
		2273799E2A90CB8400767972 /* Info.plist */ = {isa = PBXFileReference; lastKnownFileType = text.plist.xml; path = Info.plist; sourceTree = "<group>"; };
		227379A32A90CB8500767972 /* RideSharer_History_StartTests.xctest */ = {isa = PBXFileReference; explicitFileType = wrapper.cfbundle; includeInIndex = 0; path = RideSharer_History_StartTests.xctest; sourceTree = BUILT_PRODUCTS_DIR; };
		227379A72A90CB8500767972 /* RideSharer_History_StartTests.swift */ = {isa = PBXFileReference; lastKnownFileType = sourcecode.swift; path = RideSharer_History_StartTests.swift; sourceTree = "<group>"; };
		227379AD2A90CB8500767972 /* RideSharer_History_StartUITests.xctest */ = {isa = PBXFileReference; explicitFileType = wrapper.cfbundle; includeInIndex = 0; path = RideSharer_History_StartUITests.xctest; sourceTree = BUILT_PRODUCTS_DIR; };
		227379B12A90CB8500767972 /* RideSharer_History_StartUITests.swift */ = {isa = PBXFileReference; lastKnownFileType = sourcecode.swift; path = RideSharer_History_StartUITests.swift; sourceTree = "<group>"; };
		227379B32A90CB8500767972 /* RideSharer_History_StartUITestsLaunchTests.swift */ = {isa = PBXFileReference; lastKnownFileType = sourcecode.swift; path = RideSharer_History_StartUITestsLaunchTests.swift; sourceTree = "<group>"; };
/* End PBXFileReference section */

/* Begin PBXFrameworksBuildPhase section */
		227379872A90CB8300767972 /* Frameworks */ = {
			isa = PBXFrameworksBuildPhase;
			buildActionMask = 2147483647;
			files = (
			);
			runOnlyForDeploymentPostprocessing = 0;
		};
		227379A02A90CB8500767972 /* Frameworks */ = {
			isa = PBXFrameworksBuildPhase;
			buildActionMask = 2147483647;
			files = (
			);
			runOnlyForDeploymentPostprocessing = 0;
		};
		227379AA2A90CB8500767972 /* Frameworks */ = {
			isa = PBXFrameworksBuildPhase;
			buildActionMask = 2147483647;
			files = (
			);
			runOnlyForDeploymentPostprocessing = 0;
		};
/* End PBXFrameworksBuildPhase section */

/* Begin PBXGroup section */
		227379812A90CB8300767972 = {
			isa = PBXGroup;
			children = (
				2273798C2A90CB8300767972 /* RideSharer_History_Start */,
				227379A62A90CB8500767972 /* RideSharer_History_StartTests */,
				227379B02A90CB8500767972 /* RideSharer_History_StartUITests */,
				2273798B2A90CB8300767972 /* Products */,
			);
			sourceTree = "<group>";
		};
		2273798B2A90CB8300767972 /* Products */ = {
			isa = PBXGroup;
			children = (
				2273798A2A90CB8300767972 /* RideSharer_History_Start.app */,
				227379A32A90CB8500767972 /* RideSharer_History_StartTests.xctest */,
				227379AD2A90CB8500767972 /* RideSharer_History_StartUITests.xctest */,
			);
			name = Products;
			sourceTree = "<group>";
		};
		2273798C2A90CB8300767972 /* RideSharer_History_Start */ = {
			isa = PBXGroup;
			children = (
				2273798D2A90CB8300767972 /* AppDelegate.swift */,
				2273798F2A90CB8300767972 /* SceneDelegate.swift */,
				227379912A90CB8300767972 /* ViewController.swift */,
				227379932A90CB8300767972 /* Main.storyboard */,
				227379992A90CB8400767972 /* Assets.xcassets */,
				2273799B2A90CB8400767972 /* LaunchScreen.storyboard */,
				2273799E2A90CB8400767972 /* Info.plist */,
				227379962A90CB8300767972 /* RideSharer_History_Start.xcdatamodeld */,
			);
			path = RideSharer_History_Start;
			sourceTree = "<group>";
		};
		227379A62A90CB8500767972 /* RideSharer_History_StartTests */ = {
			isa = PBXGroup;
			children = (
				227379A72A90CB8500767972 /* RideSharer_History_StartTests.swift */,
			);
			path = RideSharer_History_StartTests;
			sourceTree = "<group>";
		};
		227379B02A90CB8500767972 /* RideSharer_History_StartUITests */ = {
			isa = PBXGroup;
			children = (
				227379B12A90CB8500767972 /* RideSharer_History_StartUITests.swift */,
				227379B32A90CB8500767972 /* RideSharer_History_StartUITestsLaunchTests.swift */,
			);
			path = RideSharer_History_StartUITests;
			sourceTree = "<group>";
		};
/* End PBXGroup section */

/* Begin PBXNativeTarget section */
		227379892A90CB8300767972 /* RideSharer_History_Start */ = {
			isa = PBXNativeTarget;
			buildConfigurationList = 227379B72A90CB8500767972 /* Build configuration list for PBXNativeTarget "RideSharer_History_Start" */;
			buildPhases = (
				227379862A90CB8300767972 /* Sources */,
				227379872A90CB8300767972 /* Frameworks */,
				227379882A90CB8300767972 /* Resources */,
			);
			buildRules = (
			);
			dependencies = (
			);
			name = RideSharer_History_Start;
			productName = RideSharer_History_Start;
			productReference = 2273798A2A90CB8300767972 /* RideSharer_History_Start.app */;
			productType = "com.apple.product-type.application";
		};
		227379A22A90CB8500767972 /* RideSharer_History_StartTests */ = {
			isa = PBXNativeTarget;
			buildConfigurationList = 227379BA2A90CB8500767972 /* Build configuration list for PBXNativeTarget "RideSharer_History_StartTests" */;
			buildPhases = (
				2273799F2A90CB8500767972 /* Sources */,
				227379A02A90CB8500767972 /* Frameworks */,
				227379A12A90CB8500767972 /* Resources */,
			);
			buildRules = (
			);
			dependencies = (
				227379A52A90CB8500767972 /* PBXTargetDependency */,
			);
			name = RideSharer_History_StartTests;
			productName = RideSharer_History_StartTests;
			productReference = 227379A32A90CB8500767972 /* RideSharer_History_StartTests.xctest */;
			productType = "com.apple.product-type.bundle.unit-test";
		};
		227379AC2A90CB8500767972 /* RideSharer_History_StartUITests */ = {
			isa = PBXNativeTarget;
			buildConfigurationList = 227379BD2A90CB8500767972 /* Build configuration list for PBXNativeTarget "RideSharer_History_StartUITests" */;
			buildPhases = (
				227379A92A90CB8500767972 /* Sources */,
				227379AA2A90CB8500767972 /* Frameworks */,
				227379AB2A90CB8500767972 /* Resources */,
			);
			buildRules = (
			);
			dependencies = (
				227379AF2A90CB8500767972 /* PBXTargetDependency */,
			);
			name = RideSharer_History_StartUITests;
			productName = RideSharer_History_StartUITests;
			productReference = 227379AD2A90CB8500767972 /* RideSharer_History_StartUITests.xctest */;
			productType = "com.apple.product-type.bundle.ui-testing";
		};
/* End PBXNativeTarget section */

/* Begin PBXProject section */
		227379822A90CB8300767972 /* Project object */ = {
			isa = PBXProject;
			attributes = {
				BuildIndependentTargetsInParallel = 1;
				LastSwiftUpdateCheck = 1430;
				LastUpgradeCheck = 1430;
				TargetAttributes = {
					227379892A90CB8300767972 = {
						CreatedOnToolsVersion = 14.3.1;
					};
					227379A22A90CB8500767972 = {
						CreatedOnToolsVersion = 14.3.1;
						TestTargetID = 227379892A90CB8300767972;
					};
					227379AC2A90CB8500767972 = {
						CreatedOnToolsVersion = 14.3.1;
						TestTargetID = 227379892A90CB8300767972;
					};
				};
			};
			buildConfigurationList = 227379852A90CB8300767972 /* Build configuration list for PBXProject "RideSharer_History_Start" */;
			compatibilityVersion = "Xcode 14.0";
			developmentRegion = en;
			hasScannedForEncodings = 0;
			knownRegions = (
				en,
				Base,
			);
			mainGroup = 227379812A90CB8300767972;
			productRefGroup = 2273798B2A90CB8300767972 /* Products */;
			projectDirPath = "";
			projectRoot = "";
			targets = (
				227379892A90CB8300767972 /* RideSharer_History_Start */,
				227379A22A90CB8500767972 /* RideSharer_History_StartTests */,
				227379AC2A90CB8500767972 /* RideSharer_History_StartUITests */,
			);
		};
/* End PBXProject section */

/* Begin PBXResourcesBuildPhase section */
		227379882A90CB8300767972 /* Resources */ = {
			isa = PBXResourcesBuildPhase;
			buildActionMask = 2147483647;
			files = (
				2273799D2A90CB8400767972 /* LaunchScreen.storyboard in Resources */,
				2273799A2A90CB8400767972 /* Assets.xcassets in Resources */,
				227379952A90CB8300767972 /* Main.storyboard in Resources */,
			);
			runOnlyForDeploymentPostprocessing = 0;
		};
		227379A12A90CB8500767972 /* Resources */ = {
			isa = PBXResourcesBuildPhase;
			buildActionMask = 2147483647;
			files = (
			);
			runOnlyForDeploymentPostprocessing = 0;
		};
		227379AB2A90CB8500767972 /* Resources */ = {
			isa = PBXResourcesBuildPhase;
			buildActionMask = 2147483647;
			files = (
			);
			runOnlyForDeploymentPostprocessing = 0;
		};
/* End PBXResourcesBuildPhase section */

/* Begin PBXSourcesBuildPhase section */
		227379862A90CB8300767972 /* Sources */ = {
			isa = PBXSourcesBuildPhase;
			buildActionMask = 2147483647;
			files = (
				227379982A90CB8300767972 /* RideSharer_History_Start.xcdatamodeld in Sources */,
				227379922A90CB8300767972 /* ViewController.swift in Sources */,
				2273798E2A90CB8300767972 /* AppDelegate.swift in Sources */,
				227379902A90CB8300767972 /* SceneDelegate.swift in Sources */,
			);
			runOnlyForDeploymentPostprocessing = 0;
		};
		2273799F2A90CB8500767972 /* Sources */ = {
			isa = PBXSourcesBuildPhase;
			buildActionMask = 2147483647;
			files = (
				227379A82A90CB8500767972 /* RideSharer_History_StartTests.swift in Sources */,
			);
			runOnlyForDeploymentPostprocessing = 0;
		};
		227379A92A90CB8500767972 /* Sources */ = {
			isa = PBXSourcesBuildPhase;
			buildActionMask = 2147483647;
			files = (
				227379B22A90CB8500767972 /* RideSharer_History_StartUITests.swift in Sources */,
				227379B42A90CB8500767972 /* RideSharer_History_StartUITestsLaunchTests.swift in Sources */,
			);
			runOnlyForDeploymentPostprocessing = 0;
		};
/* End PBXSourcesBuildPhase section */

/* Begin PBXTargetDependency section */
		227379A52A90CB8500767972 /* PBXTargetDependency */ = {
			isa = PBXTargetDependency;
			target = 227379892A90CB8300767972 /* RideSharer_History_Start */;
			targetProxy = 227379A42A90CB8500767972 /* PBXContainerItemProxy */;
		};
		227379AF2A90CB8500767972 /* PBXTargetDependency */ = {
			isa = PBXTargetDependency;
			target = 227379892A90CB8300767972 /* RideSharer_History_Start */;
			targetProxy = 227379AE2A90CB8500767972 /* PBXContainerItemProxy */;
		};
/* End PBXTargetDependency section */

/* Begin PBXVariantGroup section */
		227379932A90CB8300767972 /* Main.storyboard */ = {
			isa = PBXVariantGroup;
			children = (
				227379942A90CB8300767972 /* Base */,
			);
			name = Main.storyboard;
			sourceTree = "<group>";
		};
		2273799B2A90CB8400767972 /* LaunchScreen.storyboard */ = {
			isa = PBXVariantGroup;
			children = (
				2273799C2A90CB8400767972 /* Base */,
			);
			name = LaunchScreen.storyboard;
			sourceTree = "<group>";
		};
/* End PBXVariantGroup section */

/* Begin XCBuildConfiguration section */
		227379B52A90CB8500767972 /* Debug */ = {
			isa = XCBuildConfiguration;
			buildSettings = {
				ALWAYS_SEARCH_USER_PATHS = NO;
				CLANG_ANALYZER_NONNULL = YES;
				CLANG_ANALYZER_NUMBER_OBJECT_CONVERSION = YES_AGGRESSIVE;
				CLANG_CXX_LANGUAGE_STANDARD = "gnu++20";
				CLANG_ENABLE_MODULES = YES;
				CLANG_ENABLE_OBJC_ARC = YES;
				CLANG_ENABLE_OBJC_WEAK = YES;
				CLANG_WARN_BLOCK_CAPTURE_AUTORELEASING = YES;
				CLANG_WARN_BOOL_CONVERSION = YES;
				CLANG_WARN_COMMA = YES;
				CLANG_WARN_CONSTANT_CONVERSION = YES;
				CLANG_WARN_DEPRECATED_OBJC_IMPLEMENTATIONS = YES;
				CLANG_WARN_DIRECT_OBJC_ISA_USAGE = YES_ERROR;
				CLANG_WARN_DOCUMENTATION_COMMENTS = YES;
				CLANG_WARN_EMPTY_BODY = YES;
				CLANG_WARN_ENUM_CONVERSION = YES;
				CLANG_WARN_INFINITE_RECURSION = YES;
				CLANG_WARN_INT_CONVERSION = YES;
				CLANG_WARN_NON_LITERAL_NULL_CONVERSION = YES;
				CLANG_WARN_OBJC_IMPLICIT_RETAIN_SELF = YES;
				CLANG_WARN_OBJC_LITERAL_CONVERSION = YES;
				CLANG_WARN_OBJC_ROOT_CLASS = YES_ERROR;
				CLANG_WARN_QUOTED_INCLUDE_IN_FRAMEWORK_HEADER = YES;
				CLANG_WARN_RANGE_LOOP_ANALYSIS = YES;
				CLANG_WARN_STRICT_PROTOTYPES = YES;
				CLANG_WARN_SUSPICIOUS_MOVE = YES;
				CLANG_WARN_UNGUARDED_AVAILABILITY = YES_AGGRESSIVE;
				CLANG_WARN_UNREACHABLE_CODE = YES;
				CLANG_WARN__DUPLICATE_METHOD_MATCH = YES;
				COPY_PHASE_STRIP = NO;
				DEBUG_INFORMATION_FORMAT = dwarf;
				ENABLE_STRICT_OBJC_MSGSEND = YES;
				ENABLE_TESTABILITY = YES;
				GCC_C_LANGUAGE_STANDARD = gnu11;
				GCC_DYNAMIC_NO_PIC = NO;
				GCC_NO_COMMON_BLOCKS = YES;
				GCC_OPTIMIZATION_LEVEL = 0;
				GCC_PREPROCESSOR_DEFINITIONS = (
					"DEBUG=1",
					"$(inherited)",
				);
				GCC_WARN_64_TO_32_BIT_CONVERSION = YES;
				GCC_WARN_ABOUT_RETURN_TYPE = YES_ERROR;
				GCC_WARN_UNDECLARED_SELECTOR = YES;
				GCC_WARN_UNINITIALIZED_AUTOS = YES_AGGRESSIVE;
				GCC_WARN_UNUSED_FUNCTION = YES;
				GCC_WARN_UNUSED_VARIABLE = YES;
				IPHONEOS_DEPLOYMENT_TARGET = 16.4;
				MTL_ENABLE_DEBUG_INFO = INCLUDE_SOURCE;
				MTL_FAST_MATH = YES;
				ONLY_ACTIVE_ARCH = YES;
				SDKROOT = iphoneos;
				SWIFT_ACTIVE_COMPILATION_CONDITIONS = DEBUG;
				SWIFT_OPTIMIZATION_LEVEL = "-Onone";
			};
			name = Debug;
		};
		227379B62A90CB8500767972 /* Release */ = {
			isa = XCBuildConfiguration;
			buildSettings = {
				ALWAYS_SEARCH_USER_PATHS = NO;
				CLANG_ANALYZER_NONNULL = YES;
				CLANG_ANALYZER_NUMBER_OBJECT_CONVERSION = YES_AGGRESSIVE;
				CLANG_CXX_LANGUAGE_STANDARD = "gnu++20";
				CLANG_ENABLE_MODULES = YES;
				CLANG_ENABLE_OBJC_ARC = YES;
				CLANG_ENABLE_OBJC_WEAK = YES;
				CLANG_WARN_BLOCK_CAPTURE_AUTORELEASING = YES;
				CLANG_WARN_BOOL_CONVERSION = YES;
				CLANG_WARN_COMMA = YES;
				CLANG_WARN_CONSTANT_CONVERSION = YES;
				CLANG_WARN_DEPRECATED_OBJC_IMPLEMENTATIONS = YES;
				CLANG_WARN_DIRECT_OBJC_ISA_USAGE = YES_ERROR;
				CLANG_WARN_DOCUMENTATION_COMMENTS = YES;
				CLANG_WARN_EMPTY_BODY = YES;
				CLANG_WARN_ENUM_CONVERSION = YES;
				CLANG_WARN_INFINITE_RECURSION = YES;
				CLANG_WARN_INT_CONVERSION = YES;
				CLANG_WARN_NON_LITERAL_NULL_CONVERSION = YES;
				CLANG_WARN_OBJC_IMPLICIT_RETAIN_SELF = YES;
				CLANG_WARN_OBJC_LITERAL_CONVERSION = YES;
				CLANG_WARN_OBJC_ROOT_CLASS = YES_ERROR;
				CLANG_WARN_QUOTED_INCLUDE_IN_FRAMEWORK_HEADER = YES;
				CLANG_WARN_RANGE_LOOP_ANALYSIS = YES;
				CLANG_WARN_STRICT_PROTOTYPES = YES;
				CLANG_WARN_SUSPICIOUS_MOVE = YES;
				CLANG_WARN_UNGUARDED_AVAILABILITY = YES_AGGRESSIVE;
				CLANG_WARN_UNREACHABLE_CODE = YES;
				CLANG_WARN__DUPLICATE_METHOD_MATCH = YES;
				COPY_PHASE_STRIP = NO;
				DEBUG_INFORMATION_FORMAT = "dwarf-with-dsym";
				ENABLE_NS_ASSERTIONS = NO;
				ENABLE_STRICT_OBJC_MSGSEND = YES;
				GCC_C_LANGUAGE_STANDARD = gnu11;
				GCC_NO_COMMON_BLOCKS = YES;
				GCC_WARN_64_TO_32_BIT_CONVERSION = YES;
				GCC_WARN_ABOUT_RETURN_TYPE = YES_ERROR;
				GCC_WARN_UNDECLARED_SELECTOR = YES;
				GCC_WARN_UNINITIALIZED_AUTOS = YES_AGGRESSIVE;
				GCC_WARN_UNUSED_FUNCTION = YES;
				GCC_WARN_UNUSED_VARIABLE = YES;
				IPHONEOS_DEPLOYMENT_TARGET = 16.4;
				MTL_ENABLE_DEBUG_INFO = NO;
				MTL_FAST_MATH = YES;
				SDKROOT = iphoneos;
				SWIFT_COMPILATION_MODE = wholemodule;
				SWIFT_OPTIMIZATION_LEVEL = "-O";
				VALIDATE_PRODUCT = YES;
			};
			name = Release;
		};
		227379B82A90CB8500767972 /* Debug */ = {
			isa = XCBuildConfiguration;
			buildSettings = {
				ASSETCATALOG_COMPILER_APPICON_NAME = AppIcon;
				ASSETCATALOG_COMPILER_GLOBAL_ACCENT_COLOR_NAME = AccentColor;
				CODE_SIGN_STYLE = Automatic;
				CURRENT_PROJECT_VERSION = 1;
				GENERATE_INFOPLIST_FILE = YES;
				INFOPLIST_FILE = RideSharer_History_Start/Info.plist;
				INFOPLIST_KEY_UIApplicationSupportsIndirectInputEvents = YES;
				INFOPLIST_KEY_UILaunchStoryboardName = LaunchScreen;
				INFOPLIST_KEY_UIMainStoryboardFile = Main;
				INFOPLIST_KEY_UISupportedInterfaceOrientations_iPad = "UIInterfaceOrientationPortrait UIInterfaceOrientationPortraitUpsideDown UIInterfaceOrientationLandscapeLeft UIInterfaceOrientationLandscapeRight";
				INFOPLIST_KEY_UISupportedInterfaceOrientations_iPhone = "UIInterfaceOrientationPortrait UIInterfaceOrientationLandscapeLeft UIInterfaceOrientationLandscapeRight";
				LD_RUNPATH_SEARCH_PATHS = (
					"$(inherited)",
					"@executable_path/Frameworks",
				);
				MARKETING_VERSION = 1.0;
				PRODUCT_BUNDLE_IDENTIFIER = "HariprasadPulipati.RideSharer-History-Start";
				PRODUCT_NAME = "$(TARGET_NAME)";
				SWIFT_EMIT_LOC_STRINGS = YES;
				SWIFT_VERSION = 5.0;
				TARGETED_DEVICE_FAMILY = "1,2";
			};
			name = Debug;
		};
		227379B92A90CB8500767972 /* Release */ = {
			isa = XCBuildConfiguration;
			buildSettings = {
				ASSETCATALOG_COMPILER_APPICON_NAME = AppIcon;
				ASSETCATALOG_COMPILER_GLOBAL_ACCENT_COLOR_NAME = AccentColor;
				CODE_SIGN_STYLE = Automatic;
				CURRENT_PROJECT_VERSION = 1;
				GENERATE_INFOPLIST_FILE = YES;
				INFOPLIST_FILE = RideSharer_History_Start/Info.plist;
				INFOPLIST_KEY_UIApplicationSupportsIndirectInputEvents = YES;
				INFOPLIST_KEY_UILaunchStoryboardName = LaunchScreen;
				INFOPLIST_KEY_UIMainStoryboardFile = Main;
				INFOPLIST_KEY_UISupportedInterfaceOrientations_iPad = "UIInterfaceOrientationPortrait UIInterfaceOrientationPortraitUpsideDown UIInterfaceOrientationLandscapeLeft UIInterfaceOrientationLandscapeRight";
				INFOPLIST_KEY_UISupportedInterfaceOrientations_iPhone = "UIInterfaceOrientationPortrait UIInterfaceOrientationLandscapeLeft UIInterfaceOrientationLandscapeRight";
				LD_RUNPATH_SEARCH_PATHS = (
					"$(inherited)",
					"@executable_path/Frameworks",
				);
				MARKETING_VERSION = 1.0;
				PRODUCT_BUNDLE_IDENTIFIER = "HariprasadPulipati.RideSharer-History-Start";
				PRODUCT_NAME = "$(TARGET_NAME)";
				SWIFT_EMIT_LOC_STRINGS = YES;
				SWIFT_VERSION = 5.0;
				TARGETED_DEVICE_FAMILY = "1,2";
			};
			name = Release;
		};
		227379BB2A90CB8500767972 /* Debug */ = {
			isa = XCBuildConfiguration;
			buildSettings = {
				ALWAYS_EMBED_SWIFT_STANDARD_LIBRARIES = YES;
				BUNDLE_LOADER = "$(TEST_HOST)";
				CODE_SIGN_STYLE = Automatic;
				CURRENT_PROJECT_VERSION = 1;
				GENERATE_INFOPLIST_FILE = YES;
				IPHONEOS_DEPLOYMENT_TARGET = 16.4;
				MARKETING_VERSION = 1.0;
				PRODUCT_BUNDLE_IDENTIFIER = "HariprasadPulipati.RideSharer-History-StartTests";
				PRODUCT_NAME = "$(TARGET_NAME)";
				SWIFT_EMIT_LOC_STRINGS = NO;
				SWIFT_VERSION = 5.0;
				TARGETED_DEVICE_FAMILY = "1,2";
				TEST_HOST = "$(BUILT_PRODUCTS_DIR)/RideSharer_History_Start.app/$(BUNDLE_EXECUTABLE_FOLDER_PATH)/RideSharer_History_Start";
			};
			name = Debug;
		};
		227379BC2A90CB8500767972 /* Release */ = {
			isa = XCBuildConfiguration;
			buildSettings = {
				ALWAYS_EMBED_SWIFT_STANDARD_LIBRARIES = YES;
				BUNDLE_LOADER = "$(TEST_HOST)";
				CODE_SIGN_STYLE = Automatic;
				CURRENT_PROJECT_VERSION = 1;
				GENERATE_INFOPLIST_FILE = YES;
				IPHONEOS_DEPLOYMENT_TARGET = 16.4;
				MARKETING_VERSION = 1.0;
				PRODUCT_BUNDLE_IDENTIFIER = "HariprasadPulipati.RideSharer-History-StartTests";
				PRODUCT_NAME = "$(TARGET_NAME)";
				SWIFT_EMIT_LOC_STRINGS = NO;
				SWIFT_VERSION = 5.0;
				TARGETED_DEVICE_FAMILY = "1,2";
				TEST_HOST = "$(BUILT_PRODUCTS_DIR)/RideSharer_History_Start.app/$(BUNDLE_EXECUTABLE_FOLDER_PATH)/RideSharer_History_Start";
			};
			name = Release;
		};
		227379BE2A90CB8500767972 /* Debug */ = {
			isa = XCBuildConfiguration;
			buildSettings = {
				ALWAYS_EMBED_SWIFT_STANDARD_LIBRARIES = YES;
				CODE_SIGN_STYLE = Automatic;
				CURRENT_PROJECT_VERSION = 1;
				GENERATE_INFOPLIST_FILE = YES;
				MARKETING_VERSION = 1.0;
				PRODUCT_BUNDLE_IDENTIFIER = "HariprasadPulipati.RideSharer-History-StartUITests";
				PRODUCT_NAME = "$(TARGET_NAME)";
				SWIFT_EMIT_LOC_STRINGS = NO;
				SWIFT_VERSION = 5.0;
				TARGETED_DEVICE_FAMILY = "1,2";
				TEST_TARGET_NAME = RideSharer_History_Start;
			};
			name = Debug;
		};
		227379BF2A90CB8500767972 /* Release */ = {
			isa = XCBuildConfiguration;
			buildSettings = {
				ALWAYS_EMBED_SWIFT_STANDARD_LIBRARIES = YES;
				CODE_SIGN_STYLE = Automatic;
				CURRENT_PROJECT_VERSION = 1;
				GENERATE_INFOPLIST_FILE = YES;
				MARKETING_VERSION = 1.0;
				PRODUCT_BUNDLE_IDENTIFIER = "HariprasadPulipati.RideSharer-History-StartUITests";
				PRODUCT_NAME = "$(TARGET_NAME)";
				SWIFT_EMIT_LOC_STRINGS = NO;
				SWIFT_VERSION = 5.0;
				TARGETED_DEVICE_FAMILY = "1,2";
				TEST_TARGET_NAME = RideSharer_History_Start;
			};
			name = Release;
		};
/* End XCBuildConfiguration section */

/* Begin XCConfigurationList section */
		227379852A90CB8300767972 /* Build configuration list for PBXProject "RideSharer_History_Start" */ = {
			isa = XCConfigurationList;
			buildConfigurations = (
				227379B52A90CB8500767972 /* Debug */,
				227379B62A90CB8500767972 /* Release */,
			);
			defaultConfigurationIsVisible = 0;
			defaultConfigurationName = Release;
		};
		227379B72A90CB8500767972 /* Build configuration list for PBXNativeTarget "RideSharer_History_Start" */ = {
			isa = XCConfigurationList;
			buildConfigurations = (
				227379B82A90CB8500767972 /* Debug */,
				227379B92A90CB8500767972 /* Release */,
			);
			defaultConfigurationIsVisible = 0;
			defaultConfigurationName = Release;
		};
		227379BA2A90CB8500767972 /* Build configuration list for PBXNativeTarget "RideSharer_History_StartTests" */ = {
			isa = XCConfigurationList;
			buildConfigurations = (
				227379BB2A90CB8500767972 /* Debug */,
				227379BC2A90CB8500767972 /* Release */,
			);
			defaultConfigurationIsVisible = 0;
			defaultConfigurationName = Release;
		};
		227379BD2A90CB8500767972 /* Build configuration list for PBXNativeTarget "RideSharer_History_StartUITests" */ = {
			isa = XCConfigurationList;
			buildConfigurations = (
				227379BE2A90CB8500767972 /* Debug */,
				227379BF2A90CB8500767972 /* Release */,
			);
			defaultConfigurationIsVisible = 0;
			defaultConfigurationName = Release;
		};
/* End XCConfigurationList section */

/* Begin XCVersionGroup section */
		227379962A90CB8300767972 /* RideSharer_History_Start.xcdatamodeld */ = {
			isa = XCVersionGroup;
			children = (
				227379972A90CB8300767972 /* RideSharer_History_Start.xcdatamodel */,
			);
			currentVersion = 227379972A90CB8300767972 /* RideSharer_History_Start.xcdatamodel */;
			path = RideSharer_History_Start.xcdatamodeld;
			sourceTree = "<group>";
			versionGroupType = wrapper.xcdatamodel;
		};
/* End XCVersionGroup section */
	};
	rootObject = 227379822A90CB8300767972 /* Project object */;
}
